
Microsoft Visual Studio Solution File, Format Version 12.00
# Visual Studio 15
VisualStudioVersion = 15.0.28307.168
MinimumVisualStudioVersion = 10.0.40219.1
Project("{FAE04EC0-301F-11D3-BF4B-00C04F79EFBC}") = "Hotel.CQRS", "Hotel.CQRS\Hotel.CQRS.csproj", "{8086F0FA-55ED-410F-9E89-F76CF9F744F0}"
EndProject
Project("{FAE04EC0-301F-11D3-BF4B-00C04F79EFBC}") = "Hotel.CQRS.Configuration", "Hotel.CQRS.Configuration\Hotel.CQRS.Configuration.csproj", "{10E6E773-EEF5-4FF8-8606-FDEFCF1EDDFD}"
EndProject
Project("{FAE04EC0-301F-11D3-BF4B-00C04F79EFBC}") = "Hotel.Web", "Hotel.Web\Hotel.Web.csproj", "{C1EA163A-1E52-4C60-BE4D-E0A1DCA0AF82}"
EndProject
Project("{FAE04EC0-301F-11D3-BF4B-00C04F79EFBC}") = "Hotel.Web.Tests", "Hotel.Web.Tests\Hotel.Web.Tests.csproj", "{9F2E1394-2F9E-491F-B80F-F9D6ED18390A}"
EndProject
Global
	GlobalSection(SolutionConfigurationPlatforms) = preSolution
		Debug|Any CPU = Debug|Any CPU
		Release|Any CPU = Release|Any CPU
	EndGlobalSection
	GlobalSection(ProjectConfigurationPlatforms) = postSolution
		{8086F0FA-55ED-410F-9E89-F76CF9F744F0}.Debug|Any CPU.ActiveCfg = Debug|Any CPU
		{8086F0FA-55ED-410F-9E89-F76CF9F744F0}.Debug|Any CPU.Build.0 = Debug|Any CPU
		{8086F0FA-55ED-410F-9E89-F76CF9F744F0}.Release|Any CPU.ActiveCfg = Release|Any CPU
		{8086F0FA-55ED-410F-9E89-F76CF9F744F0}.Release|Any CPU.Build.0 = Release|Any CPU
		{10E6E773-EEF5-4FF8-8606-FDEFCF1EDDFD}.Debug|Any CPU.ActiveCfg = Debug|Any CPU
		{10E6E773-EEF5-4FF8-8606-FDEFCF1EDDFD}.Debug|Any CPU.Build.0 = Debug|Any CPU
		{10E6E773-EEF5-4FF8-8606-FDEFCF1EDDFD}.Release|Any CPU.ActiveCfg = Release|Any CPU
		{10E6E773-EEF5-4FF8-8606-FDEFCF1EDDFD}.Release|Any CPU.Build.0 = Release|Any CPU
		{C1EA163A-1E52-4C60-BE4D-E0A1DCA0AF82}.Debug|Any CPU.ActiveCfg = Debug|Any CPU
		{C1EA163A-1E52-4C60-BE4D-E0A1DCA0AF82}.Debug|Any CPU.Build.0 = Debug|Any CPU
		{C1EA163A-1E52-4C60-BE4D-E0A1DCA0AF82}.Release|Any CPU.ActiveCfg = Release|Any CPU
		{C1EA163A-1E52-4C60-BE4D-E0A1DCA0AF82}.Release|Any CPU.Build.0 = Release|Any CPU
		{9F2E1394-2F9E-491F-B80F-F9D6ED18390A}.Debug|Any CPU.ActiveCfg = Debug|Any CPU
		{9F2E1394-2F9E-491F-B80F-F9D6ED18390A}.Debug|Any CPU.Build.0 = Debug|Any CPU
		{9F2E1394-2F9E-491F-B80F-F9D6ED18390A}.Release|Any CPU.ActiveCfg = Release|Any CPU
		{9F2E1394-2F9E-491F-B80F-F9D6ED18390A}.Release|Any CPU.Build.0 = Release|Any CPU
	EndGlobalSection
	GlobalSection(SolutionProperties) = preSolution
		HideSolutionNode = FALSE
	EndGlobalSection
	GlobalSection(ExtensibilityGlobals) = postSolution
		SolutionGuid = {6CB9F2C2-3D9D-4EE4-9E10-94E70BD4073E}
	EndGlobalSection
EndGlobal
